<?xml version="1.0" encoding="UTF-8"?>
<Project ToolsVersion="14.0" xmlns="http://schemas.microsoft.com/developer/msbuild/2003">
  <ItemGroup>
    <ClCompile Include="E:\iMayCode\TBAS\Core\src\Config.cpp">
      <Filter>Source Files</Filter>
    </ClCompile>
    <ClCompile Include="E:\iMayCode\TBAS\Core\src\HttpClient.cpp">
      <Filter>Source Files</Filter>
    </ClCompile>
    <ClCompile Include="E:\iMayCode\TBAS\Core\src\CScheduler.cpp">
      <Filter>Source Files</Filter>
    </ClCompile>
    <ClCompile Include="E:\iMayCode\TBAS\Core\src\CMyTask.cpp">
      <Filter>Source Files</Filter>
    </ClCompile>
    <ClCompile Include="E:\iMayCode\TBAS\Core\src\CThread.cpp">
      <Filter>Source Files</Filter>
    </ClCompile>
    <ClCompile Include="E:\iMayCode\TBAS\Core\src\CTaskThread.cpp">
      <Filter>Source Files</Filter>
    </ClCompile>
    <ClCompile Include="E:\iMayCode\TBAS\Core\src\CMessageThread.cpp">
      <Filter>Source Files</Filter>
    </ClCompile>
    <ClCompile Include="E:\iMayCode\TBAS\Core\src\CThreadPool.cpp">
      <Filter>Source Files</Filter>
    </ClCompile>
    <ClCompile Include="E:\iMayCode\TBAS\Core\src\CLock.cpp">
      <Filter>Source Files</Filter>
    </ClCompile>
  </ItemGroup>
  <ItemGroup>
    <ClInclude Include="E:\iMayCode\TBAS\Core\src\Config.h">
      <Filter>Header Files</Filter>
    </ClInclude>
    <ClInclude Include="E:\iMayCode\TBAS\Core\src\HttpClient.h">
      <Filter>Header Files</Filter>
    </ClInclude>
    <ClInclude Include="E:\iMayCode\TBAS\Core\src\CScheduler.h">
      <Filter>Header Files</Filter>
    </ClInclude>
    <ClInclude Include="E:\iMayCode\TBAS\Core\src\CMyTask.h">
      <Filter>Header Files</Filter>
    </ClInclude>
    <ClInclude Include="E:\iMayCode\TBAS\Core\src\CThread.h">
      <Filter>Header Files</Filter>
    </ClInclude>
    <ClInclude Include="E:\iMayCode\TBAS\Core\src\CTaskThread.h">
      <Filter>Header Files</Filter>
    </ClInclude>
    <ClInclude Include="E:\iMayCode\TBAS\Core\src\CMessageThread.h">
      <Filter>Header Files</Filter>
    </ClInclude>
    <ClInclude Include="E:\iMayCode\TBAS\Core\src\CThreadPool.h">
      <Filter>Header Files</Filter>
    </ClInclude>
    <ClInclude Include="E:\iMayCode\TBAS\Core\src\CLock.h">
      <Filter>Header Files</Filter>
    </ClInclude>
    <ClInclude Include="E:\iMayCode\TBAS\Core\src\Global.h">
      <Filter>Header Files</Filter>
    </ClInclude>
    <ClInclude Include="E:\iMayCode\TBAS\Core\src\CSemaphore.h">
      <Filter>Header Files</Filter>
    </ClInclude>
    <ClInclude Include="E:\iMayCode\TBAS\Core\src\IASObject.h">
      <Filter>Header Files</Filter>
    </ClInclude>
  </ItemGroup>
  <ItemGroup>
    <CustomBuild Include="E:\iMayCode\TBAS\Core\src\CMakeLists.txt" />
  </ItemGroup>
  <ItemGroup>
    <Filter Include="Source Files">
      <UniqueIdentifier>{B8394FE0-8385-3C6C-A698-DFB17B80321D}</UniqueIdentifier>
    </Filter>
    <Filter Include="Header Files">
      <UniqueIdentifier>{BAA9AA64-8CC1-3320-82F0-E92F06C3BE8F}</UniqueIdentifier>
    </Filter>
  </ItemGroup>
</Project>
